{
  "name": "birdbuds",
  "version": "1.0.0",
  "lockfileVersion": 1,
  "requires": true,
  "dependencies": {
    "@twitter-api-v2/plugin-rate-limit": {
      "version": "1.1.0",
      "resolved": "https://registry.npmjs.org/@twitter-api-v2/plugin-rate-limit/-/plugin-rate-limit-1.1.0.tgz",
      "integrity": "sha512-5nUk0w0s1yzzMe+NLN5BlKzwgl9OHkF1Makb5Xje1ntCO1H1fGq0qli80WRvcrpcwKZcSckRkXd4HEksh2LZ6g=="
    },
    "dotenv": {
      "version": "16.0.0",
      "resolved": "https://registry.npmjs.org/dotenv/-/dotenv-16.0.0.tgz",
      "integrity": "sha512-qD9WU0MPM4SWLPJy/r2Be+2WgQj8plChsyrCNQzW/0WjvcJQiKQJ9mH3ZgB3fxbUUxgc/11ZJ0Fi5KiimWGz2Q=="
    },
    "twitter-api-v2": {
      "version": "1.12.0",
      "resolved": "https://registry.npmjs.org/twitter-api-v2/-/twitter-api-v2-1.12.0.tgz",
      "integrity": "sha512-8Fv+sUYY0P1gloiBSgG1w/NSuGUIP32lDKMPVzIMX3jd4zDhiJFtCft41fKs+JqcD8m7s+4vkMO/XwyY2+NULQ=="
    },
    "typescript": {
      "version": "4.6.3",
      "resolved": "https://registry.npmjs.org/typescript/-/typescript-4.6.3.tgz",
      "integrity": "sha512-yNIatDa5iaofVozS/uQJEl3JRWLKKGJKh6Yaiv0GLGSuhpFJe7P3SbHZ8/yjAHRQwKRoA6YZqlfjXWmVzoVSMw==",
      "dev": true
    }
  }
}
